
Microsoft Visual Studio Solution File, Format Version 12.00
# Visual Studio 2017
Project("{FAE04EC0-301F-11D3-BF4B-00C04F79EFBC}") = "tower defense - 2D", "tower defense - 2D.csproj", "{8BD82AAC-6C09-E170-C01D-59EB5D4B7316}"
EndProject
Project("{FAE04EC0-301F-11D3-BF4B-00C04F79EFBC}") = "tower defense - 2D.Editor", "tower defense - 2D.Editor.csproj", "{8E3360C8-9BBC-3F16-6D5A-379F3ECD726C}"
EndProject
Global
	GlobalSection(SolutionConfigurationPlatforms) = preSolution
		Debug|Any CPU = Debug|Any CPU
		Release|Any CPU = Release|Any CPU
	EndGlobalSection
	GlobalSection(ProjectConfigurationPlatforms) = postSolution
		{8BD82AAC-6C09-E170-C01D-59EB5D4B7316}.Debug|Any CPU.ActiveCfg = Debug|Any CPU
		{8BD82AAC-6C09-E170-C01D-59EB5D4B7316}.Debug|Any CPU.Build.0 = Debug|Any CPU
		{8BD82AAC-6C09-E170-C01D-59EB5D4B7316}.Release|Any CPU.ActiveCfg = Release|Any CPU
		{8BD82AAC-6C09-E170-C01D-59EB5D4B7316}.Release|Any CPU.Build.0 = Release|Any CPU
		{8E3360C8-9BBC-3F16-6D5A-379F3ECD726C}.Debug|Any CPU.ActiveCfg = Debug|Any CPU
		{8E3360C8-9BBC-3F16-6D5A-379F3ECD726C}.Debug|Any CPU.Build.0 = Debug|Any CPU
		{8E3360C8-9BBC-3F16-6D5A-379F3ECD726C}.Release|Any CPU.ActiveCfg = Release|Any CPU
		{8E3360C8-9BBC-3F16-6D5A-379F3ECD726C}.Release|Any CPU.Build.0 = Release|Any CPU
	EndGlobalSection
	GlobalSection(SolutionProperties) = preSolution
		HideSolutionNode = FALSE
	EndGlobalSection
EndGlobal
